<?xml version="1.0" encoding="utf-8"?>
<Project ToolsVersion="17.0" xmlns="http://schemas.microsoft.com/developer/msbuild/2003">
  <ItemGroup>
    <ClCompile Include="C:\Users\camer\Documents\CS-2450\Milestone 3\main.cpp">
      <Filter>Source Files</Filter>
    </ClCompile>
    <ClCompile Include="C:\Users\camer\Documents\CS-2450\Milestone 3\UVSim.cpp">
      <Filter>Source Files</Filter>
    </ClCompile>
    <ClCompile Include="C:\Users\camer\Documents\CS-2450\Milestone 3\imgui\imgui.cpp">
      <Filter>Source Files</Filter>
    </ClCompile>
    <ClCompile Include="C:\Users\camer\Documents\CS-2450\Milestone 3\imgui\imgui_draw.cpp">
      <Filter>Source Files</Filter>
    </ClCompile>
    <ClCompile Include="C:\Users\camer\Documents\CS-2450\Milestone 3\imgui\imgui_tables.cpp">
      <Filter>Source Files</Filter>
    </ClCompile>
    <ClCompile Include="C:\Users\camer\Documents\CS-2450\Milestone 3\imgui\imgui_widgets.cpp">
      <Filter>Source Files</Filter>
    </ClCompile>
    <ClCompile Include="C:\Users\camer\Documents\CS-2450\Milestone 3\imgui\backends\imgui_impl_win32.cpp">
      <Filter>Source Files</Filter>
    </ClCompile>
    <ClCompile Include="C:\Users\camer\Documents\CS-2450\Milestone 3\imgui\backends\imgui_impl_dx11.cpp">
      <Filter>Source Files</Filter>
    </ClCompile>
    <ClCompile Include="C:\Users\camer\Documents\CS-2450\Milestone 3\imgui\misc\cpp\imgui_stdlib.cpp">
      <Filter>Source Files</Filter>
    </ClCompile>
  </ItemGroup>
  <ItemGroup>
    <CustomBuild Include="C:\Users\camer\Documents\CS-2450\Milestone 3\CMakeLists.txt" />
  </ItemGroup>
  <ItemGroup>
    <Filter Include="Source Files">
<<<<<<< Updated upstream:Milestone 3/UVSim/UVSim.vcxproj.filters
      <UniqueIdentifier>{CE6433A0-6D75-3027-8B90-D365A5423124}</UniqueIdentifier>
=======
      <UniqueIdentifier>{EFA04D78-C8F2-30EE-91EF-D7DFFFF54CA5}</UniqueIdentifier>
>>>>>>> Stashed changes:Milestone 3/build/UVSim.vcxproj.filters
    </Filter>
  </ItemGroup>
</Project>
